
Microsoft Visual Studio Solution File, Format Version 12.00
# Visual Studio Version 18
VisualStudioVersion = 18.10.12201.205
MinimumVisualStudioVersion = 10.0.40219.1
Project("{8BC9CEB8-8B4A-11D0-8D11-00A0C91BC942}") = "thprac_launcher", "thprac_launcher\thprac_launcher.vcxproj", "{40684828-18F0-4F01-ADC1-F86199E6B9C9}"
EndProject
Project("{8BC9CEB8-8B4A-11D0-8D11-00A0C91BC942}") = "thprac32", "thprac32\thprac32.vcxproj", "{F478E0C3-1989-4DC1-AD81-1C6A7869BC81}"
EndProject
Global
	GlobalSection(SolutionConfigurationPlatforms) = preSolution
		Debug|x64 = Debug|x64
		Debug|x86 = Debug|x86
		Release|x64 = Release|x64
		Release|x86 = Release|x86
	EndGlobalSection
	GlobalSection(ProjectConfigurationPlatforms) = postSolution
		{40684828-18F0-4F01-ADC1-F86199E6B9C9}.Debug|x64.ActiveCfg = Debug|x64
		{40684828-18F0-4F01-ADC1-F86199E6B9C9}.Debug|x64.Build.0 = Debug|x64
		{40684828-18F0-4F01-ADC1-F86199E6B9C9}.Debug|x86.ActiveCfg = Debug|Win32
		{40684828-18F0-4F01-ADC1-F86199E6B9C9}.Debug|x86.Build.0 = Debug|Win32
		{40684828-18F0-4F01-ADC1-F86199E6B9C9}.Release|x64.ActiveCfg = Release|x64
		{40684828-18F0-4F01-ADC1-F86199E6B9C9}.Release|x64.Build.0 = Release|x64
		{40684828-18F0-4F01-ADC1-F86199E6B9C9}.Release|x86.ActiveCfg = Release|Win32
		{40684828-18F0-4F01-ADC1-F86199E6B9C9}.Release|x86.Build.0 = Release|Win32
		{F478E0C3-1989-4DC1-AD81-1C6A7869BC81}.Debug|x64.ActiveCfg = Debug|x64
		{F478E0C3-1989-4DC1-AD81-1C6A7869BC81}.Debug|x64.Build.0 = Debug|x64
		{F478E0C3-1989-4DC1-AD81-1C6A7869BC81}.Debug|x86.ActiveCfg = Debug|Win32
		{F478E0C3-1989-4DC1-AD81-1C6A7869BC81}.Debug|x86.Build.0 = Debug|Win32
		{F478E0C3-1989-4DC1-AD81-1C6A7869BC81}.Release|x64.ActiveCfg = Release|x64
		{F478E0C3-1989-4DC1-AD81-1C6A7869BC81}.Release|x64.Build.0 = Release|x64
		{F478E0C3-1989-4DC1-AD81-1C6A7869BC81}.Release|x86.ActiveCfg = Release|Win32
		{F478E0C3-1989-4DC1-AD81-1C6A7869BC81}.Release|x86.Build.0 = Release|Win32
	EndGlobalSection
	GlobalSection(SolutionProperties) = preSolution
		HideSolutionNode = FALSE
	EndGlobalSection
	GlobalSection(ExtensibilityGlobals) = postSolution
		SolutionGuid = {9A214A72-5473-4D60-985C-6EB5084B58B5}
	EndGlobalSection
EndGlobal
