<?xml version="1.0" encoding="utf-8"?>
<Project ToolsVersion="4.0" xmlns="http://schemas.microsoft.com/developer/msbuild/2003">
  <ItemGroup>
    <ClCompile Include="..\thprac_common\src\thprac_cfg.cpp">
      <Filter>Common</Filter>
    </ClCompile>
    <ClCompile Include="..\thprac_common\src\thprac_games.cpp">
      <Filter>Common</Filter>
    </ClCompile>
    <ClCompile Include="..\thprac_common\src\thprac_gui_components.cpp">
      <Filter>Common</Filter>
    </ClCompile>
    <ClCompile Include="..\thprac_common\src\thprac_gui_input.cpp">
      <Filter>Common</Filter>
    </ClCompile>
    <ClCompile Include="..\thprac_common\src\thprac_gui_locale.cpp">
      <Filter>Common</Filter>
    </ClCompile>
    <ClCompile Include="..\thprac_common\src\thprac_hook.cpp">
      <Filter>Common</Filter>
    </ClCompile>
    <ClCompile Include="..\thprac_common\src\thprac_identify.cpp">
      <Filter>Common</Filter>
    </ClCompile>
    <ClCompile Include="..\thprac_common\src\thprac_licence.cpp">
      <Filter>Common</Filter>
    </ClCompile>
    <ClCompile Include="..\thprac_common\src\thprac_locale_def.cpp">
      <Filter>Common</Filter>
    </ClCompile>
    <ClCompile Include="..\thprac_common\src\thprac_log.cpp">
      <Filter>Common</Filter>
    </ClCompile>
    <ClCompile Include="..\thprac_common\src\thprac_pe.cpp">
      <Filter>Common</Filter>
    </ClCompile>
    <ClCompile Include="..\thprac_common\src\thprac_utils.cpp">
      <Filter>Common</Filter>
    </ClCompile>
    <ClCompile Include="..\thprac_common\src\thprac_version.cpp">
      <Filter>Common</Filter>
    </ClCompile>
    <ClCompile Include="..\lib\ImGui\imgui.cpp">
      <Filter>Libraries</Filter>
    </ClCompile>
    <ClCompile Include="..\lib\ImGui\imgui_demo.cpp">
      <Filter>Libraries</Filter>
    </ClCompile>
    <ClCompile Include="..\lib\ImGui\imgui_draw.cpp">
      <Filter>Libraries</Filter>
    </ClCompile>
    <ClCompile Include="..\lib\ImGui\misc\freetype\imgui_freetype.cpp">
      <Filter>Libraries</Filter>
    </ClCompile>
    <ClCompile Include="..\lib\ImGui\backends\imgui_impl_dx9.cpp">
      <Filter>Libraries</Filter>
    </ClCompile>
    <ClCompile Include="..\lib\ImGui\backends\imgui_impl_dx11.cpp">
      <Filter>Libraries</Filter>
    </ClCompile>
    <ClCompile Include="..\lib\ImGui\backends\imgui_impl_win32.cpp">
      <Filter>Libraries</Filter>
    </ClCompile>
    <ClCompile Include="..\lib\ImGui\imgui_tables.cpp">
      <Filter>Libraries</Filter>
    </ClCompile>
    <ClCompile Include="..\lib\ImGui\imgui_widgets.cpp">
      <Filter>Libraries</Filter>
    </ClCompile>
    <ClCompile Include="..\lib\MetroHash\metrohash128.cpp">
      <Filter>Libraries</Filter>
    </ClCompile>
    <ClCompile Include="..\lib\yyjson\yyjson.c">
      <Filter>Libraries</Filter>
    </ClCompile>
    <ClCompile Include="src\thprac_dllinit_64.cpp">
      <Filter>Sources</Filter>
    </ClCompile>
    <ClCompile Include="src\thprac_th06nc.cpp">
      <Filter>Sources</Filter>
    </ClCompile>
    <ClCompile Include="..\thprac_common\src\thprac_inject.cpp">
      <Filter>Common</Filter>
    </ClCompile>
    <ClCompile Include="src\thprac_th06c.cpp">
      <Filter>Sources</Filter>
    </ClCompile>
  </ItemGroup>
  <ItemGroup>
    <ClInclude Include="..\thprac_common\src\thprac_cfg.h">
      <Filter>Common</Filter>
    </ClInclude>
    <ClInclude Include="..\thprac_common\src\thprac_games.h">
      <Filter>Common</Filter>
    </ClInclude>
    <ClInclude Include="..\thprac_common\src\thprac_hook.h">
      <Filter>Common</Filter>
    </ClInclude>
    <ClInclude Include="..\thprac_common\src\thprac_pe.h">
      <Filter>Common</Filter>
    </ClInclude>
    <ClInclude Include="..\thprac_common\src\utils.h">
      <Filter>Common</Filter>
    </ClInclude>
    <ClInclude Include="..\thprac_common\src\thprac_inject.h">
      <Filter>Common</Filter>
    </ClInclude>
  </ItemGroup>
  <ItemGroup>
    <Filter Include="Common">
      <UniqueIdentifier>{80b594db-106d-45c1-a2ed-bc6d66f8ef14}</UniqueIdentifier>
    </Filter>
    <Filter Include="Libraries">
      <UniqueIdentifier>{9929bb4f-3446-437d-830f-2ced98dcdd28}</UniqueIdentifier>
    </Filter>
    <Filter Include="Sources">
      <UniqueIdentifier>{cf9cf077-4943-4948-a8f6-b02b92651f65}</UniqueIdentifier>
    </Filter>
  </ItemGroup>
</Project>